
Microsoft Visual Studio Solution File, Format Version 12.00
# Visual Studio Version 17
VisualStudioVersion = 17.1.32421.90
MinimumVisualStudioVersion = 10.0.40219.1
Project("{FAE04EC0-301F-11D3-BF4B-00C04F79EFBC}") = "kaleyra_WhatsApp", "kaleyra_WhatsApp\kaleyra_WhatsApp.csproj", "{8B971234-A9D6-4273-8F8E-4D5FB76723BD}"
EndProject
Global
	GlobalSection(SolutionConfigurationPlatforms) = preSolution
		Debug|Any CPU = Debug|Any CPU
		Release|Any CPU = Release|Any CPU
	EndGlobalSection
	GlobalSection(ProjectConfigurationPlatforms) = postSolution
		{8B971234-A9D6-4273-8F8E-4D5FB76723BD}.Debug|Any CPU.ActiveCfg = Debug|Any CPU
		{8B971234-A9D6-4273-8F8E-4D5FB76723BD}.Debug|Any CPU.Build.0 = Debug|Any CPU
		{8B971234-A9D6-4273-8F8E-4D5FB76723BD}.Release|Any CPU.ActiveCfg = Release|Any CPU
		{8B971234-A9D6-4273-8F8E-4D5FB76723BD}.Release|Any CPU.Build.0 = Release|Any CPU
	EndGlobalSection
	GlobalSection(SolutionProperties) = preSolution
		HideSolutionNode = FALSE
	EndGlobalSection
	GlobalSection(ExtensibilityGlobals) = postSolution
		SolutionGuid = {A0CD16E6-4172-4E76-865B-6DAD1A8A6674}
	EndGlobalSection
EndGlobal
